
Microsoft Visual Studio Solution File, Format Version 12.00
# Visual Studio Version 17
VisualStudioVersion = 17.4.33213.308
MinimumVisualStudioVersion = 10.0.40219.1
Project("{FAE04EC0-301F-11D3-BF4B-00C04F79EFBC}") = "etickets", "etickets\etickets.csproj", "{D9287833-1C85-4D2F-913C-E87830F8AAF8}"
EndProject
Global
	GlobalSection(SolutionConfigurationPlatforms) = preSolution
		Debug|Any CPU = Debug|Any CPU
		Release|Any CPU = Release|Any CPU
	EndGlobalSection
	GlobalSection(ProjectConfigurationPlatforms) = postSolution
		{D9287833-1C85-4D2F-913C-E87830F8AAF8}.Debug|Any CPU.ActiveCfg = Debug|Any CPU
		{D9287833-1C85-4D2F-913C-E87830F8AAF8}.Debug|Any CPU.Build.0 = Debug|Any CPU
		{D9287833-1C85-4D2F-913C-E87830F8AAF8}.Release|Any CPU.ActiveCfg = Release|Any CPU
		{D9287833-1C85-4D2F-913C-E87830F8AAF8}.Release|Any CPU.Build.0 = Release|Any CPU
	EndGlobalSection
	GlobalSection(SolutionProperties) = preSolution
		HideSolutionNode = FALSE
	EndGlobalSection
	GlobalSection(ExtensibilityGlobals) = postSolution
		SolutionGuid = {27CEA7F8-524B-42BC-ACEA-BE28610ECEA8}
	EndGlobalSection
EndGlobal
